
Microsoft Visual Studio Solution File, Format Version 12.00
# Visual Studio Version 17
VisualStudioVersion = 17.7.34018.315
MinimumVisualStudioVersion = 10.0.40219.1
Project("{2150E333-8FDC-42A3-9474-1A3956D46DE8}") = "Class07", "Class07", "{B25DD829-509F-4BCA-8C26-EBAB1CE47AE2}"
EndProject
Project("{9A19103F-16F7-4668-BE54-9A1E7A4F7556}") = "CSharpTypes", "CSharpTypes\CSharpTypes.csproj", "{64109454-86FE-486A-8CAE-9009D15EBBAF}"
EndProject
Project("{2150E333-8FDC-42A3-9474-1A3956D46DE8}") = "Class08", "Class08", "{F83A7B34-C231-4542-89E5-857A1A4A6F9B}"
EndProject
Project("{9A19103F-16F7-4668-BE54-9A1E7A4F7556}") = "OOPInCSharp", "OOPInCSharp\OOPInCSharp.csproj", "{53FCA0F5-807A-4508-8C8D-BB68CF7195B6}"
EndProject
Project("{9A19103F-16F7-4668-BE54-9A1E7A4F7556}") = "OOPInCSharp.AccessModifier", "OOPInCSharp.AccessModifier\OOPInCSharp.AccessModifier.csproj", "{D1933346-8270-41AF-B682-1E2CD6364268}"
EndProject
Project("{2150E333-8FDC-42A3-9474-1A3956D46DE8}") = "Class09", "Class09", "{B0F1B68F-FD89-418E-91FA-C73B77088DA4}"
EndProject
Project("{9A19103F-16F7-4668-BE54-9A1E7A4F7556}") = "Operators", "Operators\Operators.csproj", "{E9FFABF8-C6BF-46E5-A70A-AC675B41307B}"
EndProject
Project("{9A19103F-16F7-4668-BE54-9A1E7A4F7556}") = "Generics", "Generics\Generics.csproj", "{15E800A7-72C8-4307-9610-D424EC7FB242}"
EndProject
Project("{2150E333-8FDC-42A3-9474-1A3956D46DE8}") = "Class10", "Class10", "{8A51D5A6-8BC0-42B5-8955-08DFF356EAE1}"
EndProject
Project("{FAE04EC0-301F-11D3-BF4B-00C04F79EFBC}") = "ArraySample", "ArraySample\ArraySample.csproj", "{A49B30CC-FDA5-4FD2-9EDC-DC500BBFEB55}"
EndProject
Global
	GlobalSection(SolutionConfigurationPlatforms) = preSolution
		Debug|Any CPU = Debug|Any CPU
		Release|Any CPU = Release|Any CPU
	EndGlobalSection
	GlobalSection(ProjectConfigurationPlatforms) = postSolution
		{64109454-86FE-486A-8CAE-9009D15EBBAF}.Debug|Any CPU.ActiveCfg = Debug|Any CPU
		{64109454-86FE-486A-8CAE-9009D15EBBAF}.Debug|Any CPU.Build.0 = Debug|Any CPU
		{64109454-86FE-486A-8CAE-9009D15EBBAF}.Release|Any CPU.ActiveCfg = Release|Any CPU
		{64109454-86FE-486A-8CAE-9009D15EBBAF}.Release|Any CPU.Build.0 = Release|Any CPU
		{53FCA0F5-807A-4508-8C8D-BB68CF7195B6}.Debug|Any CPU.ActiveCfg = Debug|Any CPU
		{53FCA0F5-807A-4508-8C8D-BB68CF7195B6}.Debug|Any CPU.Build.0 = Debug|Any CPU
		{53FCA0F5-807A-4508-8C8D-BB68CF7195B6}.Release|Any CPU.ActiveCfg = Release|Any CPU
		{53FCA0F5-807A-4508-8C8D-BB68CF7195B6}.Release|Any CPU.Build.0 = Release|Any CPU
		{D1933346-8270-41AF-B682-1E2CD6364268}.Debug|Any CPU.ActiveCfg = Debug|Any CPU
		{D1933346-8270-41AF-B682-1E2CD6364268}.Debug|Any CPU.Build.0 = Debug|Any CPU
		{D1933346-8270-41AF-B682-1E2CD6364268}.Release|Any CPU.ActiveCfg = Release|Any CPU
		{D1933346-8270-41AF-B682-1E2CD6364268}.Release|Any CPU.Build.0 = Release|Any CPU
		{E9FFABF8-C6BF-46E5-A70A-AC675B41307B}.Debug|Any CPU.ActiveCfg = Debug|Any CPU
		{E9FFABF8-C6BF-46E5-A70A-AC675B41307B}.Debug|Any CPU.Build.0 = Debug|Any CPU
		{E9FFABF8-C6BF-46E5-A70A-AC675B41307B}.Release|Any CPU.ActiveCfg = Release|Any CPU
		{E9FFABF8-C6BF-46E5-A70A-AC675B41307B}.Release|Any CPU.Build.0 = Release|Any CPU
		{15E800A7-72C8-4307-9610-D424EC7FB242}.Debug|Any CPU.ActiveCfg = Debug|Any CPU
		{15E800A7-72C8-4307-9610-D424EC7FB242}.Debug|Any CPU.Build.0 = Debug|Any CPU
		{15E800A7-72C8-4307-9610-D424EC7FB242}.Release|Any CPU.ActiveCfg = Release|Any CPU
		{15E800A7-72C8-4307-9610-D424EC7FB242}.Release|Any CPU.Build.0 = Release|Any CPU
		{A49B30CC-FDA5-4FD2-9EDC-DC500BBFEB55}.Debug|Any CPU.ActiveCfg = Debug|Any CPU
		{A49B30CC-FDA5-4FD2-9EDC-DC500BBFEB55}.Debug|Any CPU.Build.0 = Debug|Any CPU
		{A49B30CC-FDA5-4FD2-9EDC-DC500BBFEB55}.Release|Any CPU.ActiveCfg = Release|Any CPU
		{A49B30CC-FDA5-4FD2-9EDC-DC500BBFEB55}.Release|Any CPU.Build.0 = Release|Any CPU
	EndGlobalSection
	GlobalSection(SolutionProperties) = preSolution
		HideSolutionNode = FALSE
	EndGlobalSection
	GlobalSection(NestedProjects) = preSolution
		{64109454-86FE-486A-8CAE-9009D15EBBAF} = {B25DD829-509F-4BCA-8C26-EBAB1CE47AE2}
		{53FCA0F5-807A-4508-8C8D-BB68CF7195B6} = {F83A7B34-C231-4542-89E5-857A1A4A6F9B}
		{D1933346-8270-41AF-B682-1E2CD6364268} = {F83A7B34-C231-4542-89E5-857A1A4A6F9B}
		{E9FFABF8-C6BF-46E5-A70A-AC675B41307B} = {B0F1B68F-FD89-418E-91FA-C73B77088DA4}
		{15E800A7-72C8-4307-9610-D424EC7FB242} = {B0F1B68F-FD89-418E-91FA-C73B77088DA4}
		{A49B30CC-FDA5-4FD2-9EDC-DC500BBFEB55} = {8A51D5A6-8BC0-42B5-8955-08DFF356EAE1}
	EndGlobalSection
	GlobalSection(ExtensibilityGlobals) = postSolution
		SolutionGuid = {620FE4FB-A3E7-4C2F-9D2F-00461F9AB315}
	EndGlobalSection
EndGlobal
